
Microsoft Visual Studio Solution File, Format Version 12.00
# Visual Studio Version 17
VisualStudioVersion = 17.6.33815.320
MinimumVisualStudioVersion = 10.0.40219.1
Project("{FAE04EC0-301F-11D3-BF4B-00C04F79EFBC}") = "KutuphaneOtomasyonu", "KutuphaneOtomasyonu\KutuphaneOtomasyonu.csproj", "{66600929-EC29-44E7-BE6B-B1D68D97FBF9}"
EndProject
Global
	GlobalSection(SolutionConfigurationPlatforms) = preSolution
		Debug|Any CPU = Debug|Any CPU
		Release|Any CPU = Release|Any CPU
	EndGlobalSection
	GlobalSection(ProjectConfigurationPlatforms) = postSolution
		{66600929-EC29-44E7-BE6B-B1D68D97FBF9}.Debug|Any CPU.ActiveCfg = Debug|Any CPU
		{66600929-EC29-44E7-BE6B-B1D68D97FBF9}.Debug|Any CPU.Build.0 = Debug|Any CPU
		{66600929-EC29-44E7-BE6B-B1D68D97FBF9}.Release|Any CPU.ActiveCfg = Release|Any CPU
		{66600929-EC29-44E7-BE6B-B1D68D97FBF9}.Release|Any CPU.Build.0 = Release|Any CPU
	EndGlobalSection
	GlobalSection(SolutionProperties) = preSolution
		HideSolutionNode = FALSE
	EndGlobalSection
	GlobalSection(ExtensibilityGlobals) = postSolution
		SolutionGuid = {FD18996B-6414-4C57-98FD-12CE3DEAE2D4}
	EndGlobalSection
EndGlobal
